
Microsoft Visual Studio Solution File, Format Version 12.00
# Visual Studio Version 16
VisualStudioVersion = 16.0.29519.87
MinimumVisualStudioVersion = 10.0.40219.1
Project("{FAE04EC0-301F-11D3-BF4B-00C04F79EFBC}") = "Adapter", "Adapter\Adapter.csproj", "{F3708724-775D-4EA7-ABBD-F620F9E06F63}"
EndProject
Global
	GlobalSection(SolutionConfigurationPlatforms) = preSolution
		Debug|Any CPU = Debug|Any CPU
		Release|Any CPU = Release|Any CPU
	EndGlobalSection
	GlobalSection(ProjectConfigurationPlatforms) = postSolution
		{F3708724-775D-4EA7-ABBD-F620F9E06F63}.Debug|Any CPU.ActiveCfg = Debug|Any CPU
		{F3708724-775D-4EA7-ABBD-F620F9E06F63}.Debug|Any CPU.Build.0 = Debug|Any CPU
		{F3708724-775D-4EA7-ABBD-F620F9E06F63}.Release|Any CPU.ActiveCfg = Release|Any CPU
		{F3708724-775D-4EA7-ABBD-F620F9E06F63}.Release|Any CPU.Build.0 = Release|Any CPU
	EndGlobalSection
	GlobalSection(SolutionProperties) = preSolution
		HideSolutionNode = FALSE
	EndGlobalSection
	GlobalSection(ExtensibilityGlobals) = postSolution
		SolutionGuid = {7C7181F4-EFD8-48B0-8BC7-C9A282454577}
	EndGlobalSection
EndGlobal
