
Microsoft Visual Studio Solution File, Format Version 12.00
# Visual Studio Version 16
VisualStudioVersion = 16.0.29519.87
MinimumVisualStudioVersion = 10.0.40219.1
Project("{FAE04EC0-301F-11D3-BF4B-00C04F79EFBC}") = "OpenClosed", "OpenClosed\OpenClosed.csproj", "{55705257-33D9-4701-BA52-21F893C4876C}"
EndProject
Global
	GlobalSection(SolutionConfigurationPlatforms) = preSolution
		Debug|Any CPU = Debug|Any CPU
		Release|Any CPU = Release|Any CPU
	EndGlobalSection
	GlobalSection(ProjectConfigurationPlatforms) = postSolution
		{55705257-33D9-4701-BA52-21F893C4876C}.Debug|Any CPU.ActiveCfg = Debug|Any CPU
		{55705257-33D9-4701-BA52-21F893C4876C}.Debug|Any CPU.Build.0 = Debug|Any CPU
		{55705257-33D9-4701-BA52-21F893C4876C}.Release|Any CPU.ActiveCfg = Release|Any CPU
		{55705257-33D9-4701-BA52-21F893C4876C}.Release|Any CPU.Build.0 = Release|Any CPU
	EndGlobalSection
	GlobalSection(SolutionProperties) = preSolution
		HideSolutionNode = FALSE
	EndGlobalSection
	GlobalSection(ExtensibilityGlobals) = postSolution
		SolutionGuid = {A83B4F95-6267-451F-B174-E41583FE4FEB}
	EndGlobalSection
EndGlobal
