
Microsoft Visual Studio Solution File, Format Version 12.00
# Visual Studio Version 16
VisualStudioVersion = 16.0.29519.87
MinimumVisualStudioVersion = 10.0.40219.1
Project("{FAE04EC0-301F-11D3-BF4B-00C04F79EFBC}") = "Proxy", "Proxy\Proxy.csproj", "{A23F51B6-2353-4566-8EB1-2FC4E76504A9}"
EndProject
Global
	GlobalSection(SolutionConfigurationPlatforms) = preSolution
		Debug|Any CPU = Debug|Any CPU
		Release|Any CPU = Release|Any CPU
	EndGlobalSection
	GlobalSection(ProjectConfigurationPlatforms) = postSolution
		{A23F51B6-2353-4566-8EB1-2FC4E76504A9}.Debug|Any CPU.ActiveCfg = Debug|Any CPU
		{A23F51B6-2353-4566-8EB1-2FC4E76504A9}.Debug|Any CPU.Build.0 = Debug|Any CPU
		{A23F51B6-2353-4566-8EB1-2FC4E76504A9}.Release|Any CPU.ActiveCfg = Release|Any CPU
		{A23F51B6-2353-4566-8EB1-2FC4E76504A9}.Release|Any CPU.Build.0 = Release|Any CPU
	EndGlobalSection
	GlobalSection(SolutionProperties) = preSolution
		HideSolutionNode = FALSE
	EndGlobalSection
	GlobalSection(ExtensibilityGlobals) = postSolution
		SolutionGuid = {EAD84229-8533-43F3-B12F-CEA87BB6C751}
	EndGlobalSection
EndGlobal
